
Microsoft Visual Studio Solution File, Format Version 12.00
# Visual Studio Version 16
VisualStudioVersion = 16.0.30503.244
MinimumVisualStudioVersion = 10.0.40219.1
Project("{FAE04EC0-301F-11D3-BF4B-00C04F79EFBC}") = "GitCSharpApp", "GitCSharpApp\GitCSharpApp.csproj", "{FD5AA7F0-2F0E-4C4B-9A4D-620C8A4E755C}"
EndProject
Global
	GlobalSection(SolutionConfigurationPlatforms) = preSolution
		Debug|Any CPU = Debug|Any CPU
		Release|Any CPU = Release|Any CPU
	EndGlobalSection
	GlobalSection(ProjectConfigurationPlatforms) = postSolution
		{FD5AA7F0-2F0E-4C4B-9A4D-620C8A4E755C}.Debug|Any CPU.ActiveCfg = Debug|Any CPU
		{FD5AA7F0-2F0E-4C4B-9A4D-620C8A4E755C}.Debug|Any CPU.Build.0 = Debug|Any CPU
		{FD5AA7F0-2F0E-4C4B-9A4D-620C8A4E755C}.Release|Any CPU.ActiveCfg = Release|Any CPU
		{FD5AA7F0-2F0E-4C4B-9A4D-620C8A4E755C}.Release|Any CPU.Build.0 = Release|Any CPU
	EndGlobalSection
	GlobalSection(SolutionProperties) = preSolution
		HideSolutionNode = FALSE
	EndGlobalSection
	GlobalSection(ExtensibilityGlobals) = postSolution
		SolutionGuid = {7DC01054-4323-4A73-8FC2-7036F453E4A2}
	EndGlobalSection
EndGlobal
